
Microsoft Visual Studio Solution File, Format Version 12.00
# Visual Studio 14
VisualStudioVersion = 14.0.25420.1
MinimumVisualStudioVersion = 10.0.40219.1
Project("{2150E333-8FDC-42A3-9474-1A3956D46DE8}") = "SENSING.SHARED", "SENSING.SHARED", "{2313F9DE-B2E9-40E5-80C0-4FFD87E34F94}"
EndProject
Project("{FAE04EC0-301F-11D3-BF4B-00C04F79EFBC}") = "APPLICATION", "APPLICATION\APPLICATION.csproj", "{DA924A94-72A2-4443-9370-A081597A48FC}"
EndProject
Project("{D954291E-2A0B-460D-934E-DC6B0785DB48}") = "SENSING.UTILITIES", "SENSING.UTILITIES\SENSING.UTILITIES.shproj", "{39764695-EB9E-450E-A887-5464B8D7F925}"
EndProject
Project("{FAE04EC0-301F-11D3-BF4B-00C04F79EFBC}") = "PLUGIN.INTELLIGENT", "BI_MODULES\PLUGIN.INTELLIGENT.csproj", "{8701C704-4F5A-476E-84DD-DE4FF1BE531A}"
EndProject
Project("{FAE04EC0-301F-11D3-BF4B-00C04F79EFBC}") = "PLUGIN.STATIC", "SC_MODULES\PLUGIN.STATIC.csproj", "{31558AD3-ACE0-4394-B0A7-151CD1D41F99}"
EndProject
Project("{FAE04EC0-301F-11D3-BF4B-00C04F79EFBC}") = "PLUGIN.APPSETTINGS", "SETTINGS_MODULES\PLUGIN.APPSETTINGS.csproj", "{2B255B41-9853-4B32-A623-4A9E1DB2B816}"
EndProject
Project("{FAE04EC0-301F-11D3-BF4B-00C04F79EFBC}") = "SENSING.THRIFT", "SENSING.THRIFT\SENSING.THRIFT.csproj", "{34272B86-3441-4A42-9C16-919CBCA6C2C1}"
EndProject
Project("{FAE04EC0-301F-11D3-BF4B-00C04F79EFBC}") = "PLUGIN.TRACE", "TR_MODULES\PLUGIN.TRACE.csproj", "{C6E63E73-1903-4243-9611-DA0105213181}"
EndProject
Project("{2150E333-8FDC-42A3-9474-1A3956D46DE8}") = "SENSING.DATA", "SENSING.DATA", "{6DE64C47-909B-4DF2-9BEB-DEC0B1D60A29}"
EndProject
Project("{FAE04EC0-301F-11D3-BF4B-00C04F79EFBC}") = "DATA.MODELS", "DATA.MODELS\DATA.MODELS.csproj", "{BFF9B8B6-CA07-4106-8D6C-415240E51388}"
EndProject
Project("{FAE04EC0-301F-11D3-BF4B-00C04F79EFBC}") = "DATA.UTILITIES", "DATA.UTILITIES\DATA.UTILITIES.csproj", "{3D45054D-348A-4D47-95AA-3A7B75218B56}"
EndProject
Project("{2150E333-8FDC-42A3-9474-1A3956D46DE8}") = "SENSING.PLUGINS", "SENSING.PLUGINS", "{084B64C8-DF9C-4A4E-A62F-D7C6C0ED5E3F}"
EndProject
Project("{2150E333-8FDC-42A3-9474-1A3956D46DE8}") = "SENSING.SERVICES", "SENSING.SERVICES", "{2C4147C3-8FB0-4A6F-918D-668EF603AD6F}"
EndProject
Project("{FAE04EC0-301F-11D3-BF4B-00C04F79EFBC}") = "PLUGIN.DATABASESETTINGS", "PLUGIN.DATABASESETTINGS\PLUGIN.DATABASESETTINGS.csproj", "{DB345413-ACD7-4E16-8D6D-4DED7EBBBEFF}"
EndProject
Project("{FAE04EC0-301F-11D3-BF4B-00C04F79EFBC}") = "PLUGIN.CHANNEL", "PLUGIN.CHANNEL\PLUGIN.CHANNEL.csproj", "{D69D2DFD-74FC-4485-BE4C-8CC77A83EAE8}"
EndProject
Global
	GlobalSection(SharedMSBuildProjectFiles) = preSolution
		SENSING.UTILITIES\SENSING.UTILITIES.projitems*{39764695-eb9e-450e-a887-5464b8d7f925}*SharedItemsImports = 13
		SENSING.UTILITIES\SENSING.UTILITIES.projitems*{da924a94-72a2-4443-9370-a081597a48fc}*SharedItemsImports = 4
	EndGlobalSection
	GlobalSection(SolutionConfigurationPlatforms) = preSolution
		Debug|Any CPU = Debug|Any CPU
		Debug|x64 = Debug|x64
		Debug|x86 = Debug|x86
		Release|Any CPU = Release|Any CPU
		Release|x64 = Release|x64
		Release|x86 = Release|x86
		v4.0-Debug|Any CPU = v4.0-Debug|Any CPU
		v4.0-Debug|x64 = v4.0-Debug|x64
		v4.0-Debug|x86 = v4.0-Debug|x86
		v4.0-Release|Any CPU = v4.0-Release|Any CPU
		v4.0-Release|x64 = v4.0-Release|x64
		v4.0-Release|x86 = v4.0-Release|x86
	EndGlobalSection
	GlobalSection(ProjectConfigurationPlatforms) = postSolution
		{DA924A94-72A2-4443-9370-A081597A48FC}.Debug|Any CPU.ActiveCfg = Debug|Any CPU
		{DA924A94-72A2-4443-9370-A081597A48FC}.Debug|Any CPU.Build.0 = Debug|Any CPU
		{DA924A94-72A2-4443-9370-A081597A48FC}.Debug|x64.ActiveCfg = Debug|x64
		{DA924A94-72A2-4443-9370-A081597A48FC}.Debug|x64.Build.0 = Debug|x64
		{DA924A94-72A2-4443-9370-A081597A48FC}.Debug|x86.ActiveCfg = Debug|x86
		{DA924A94-72A2-4443-9370-A081597A48FC}.Debug|x86.Build.0 = Debug|x86
		{DA924A94-72A2-4443-9370-A081597A48FC}.Release|Any CPU.ActiveCfg = Release|Any CPU
		{DA924A94-72A2-4443-9370-A081597A48FC}.Release|Any CPU.Build.0 = Release|Any CPU
		{DA924A94-72A2-4443-9370-A081597A48FC}.Release|x64.ActiveCfg = Release|x64
		{DA924A94-72A2-4443-9370-A081597A48FC}.Release|x64.Build.0 = Release|x64
		{DA924A94-72A2-4443-9370-A081597A48FC}.Release|x86.ActiveCfg = Release|x86
		{DA924A94-72A2-4443-9370-A081597A48FC}.Release|x86.Build.0 = Release|x86
		{DA924A94-72A2-4443-9370-A081597A48FC}.v4.0-Debug|Any CPU.ActiveCfg = Debug|Any CPU
		{DA924A94-72A2-4443-9370-A081597A48FC}.v4.0-Debug|Any CPU.Build.0 = Debug|Any CPU
		{DA924A94-72A2-4443-9370-A081597A48FC}.v4.0-Debug|x64.ActiveCfg = Debug|x64
		{DA924A94-72A2-4443-9370-A081597A48FC}.v4.0-Debug|x64.Build.0 = Debug|x64
		{DA924A94-72A2-4443-9370-A081597A48FC}.v4.0-Debug|x86.ActiveCfg = Debug|x86
		{DA924A94-72A2-4443-9370-A081597A48FC}.v4.0-Debug|x86.Build.0 = Debug|x86
		{DA924A94-72A2-4443-9370-A081597A48FC}.v4.0-Release|Any CPU.ActiveCfg = Release|Any CPU
		{DA924A94-72A2-4443-9370-A081597A48FC}.v4.0-Release|Any CPU.Build.0 = Release|Any CPU
		{DA924A94-72A2-4443-9370-A081597A48FC}.v4.0-Release|x64.ActiveCfg = Release|x64
		{DA924A94-72A2-4443-9370-A081597A48FC}.v4.0-Release|x64.Build.0 = Release|x64
		{DA924A94-72A2-4443-9370-A081597A48FC}.v4.0-Release|x86.ActiveCfg = Release|x86
		{DA924A94-72A2-4443-9370-A081597A48FC}.v4.0-Release|x86.Build.0 = Release|x86
		{8701C704-4F5A-476E-84DD-DE4FF1BE531A}.Debug|Any CPU.ActiveCfg = Debug|Any CPU
		{8701C704-4F5A-476E-84DD-DE4FF1BE531A}.Debug|Any CPU.Build.0 = Debug|Any CPU
		{8701C704-4F5A-476E-84DD-DE4FF1BE531A}.Debug|x64.ActiveCfg = Debug|Any CPU
		{8701C704-4F5A-476E-84DD-DE4FF1BE531A}.Debug|x64.Build.0 = Debug|Any CPU
		{8701C704-4F5A-476E-84DD-DE4FF1BE531A}.Debug|x86.ActiveCfg = Debug|Any CPU
		{8701C704-4F5A-476E-84DD-DE4FF1BE531A}.Debug|x86.Build.0 = Debug|Any CPU
		{8701C704-4F5A-476E-84DD-DE4FF1BE531A}.Release|Any CPU.ActiveCfg = Release|Any CPU
		{8701C704-4F5A-476E-84DD-DE4FF1BE531A}.Release|Any CPU.Build.0 = Release|Any CPU
		{8701C704-4F5A-476E-84DD-DE4FF1BE531A}.Release|x64.ActiveCfg = Release|Any CPU
		{8701C704-4F5A-476E-84DD-DE4FF1BE531A}.Release|x64.Build.0 = Release|Any CPU
		{8701C704-4F5A-476E-84DD-DE4FF1BE531A}.Release|x86.ActiveCfg = Release|Any CPU
		{8701C704-4F5A-476E-84DD-DE4FF1BE531A}.Release|x86.Build.0 = Release|Any CPU
		{8701C704-4F5A-476E-84DD-DE4FF1BE531A}.v4.0-Debug|Any CPU.ActiveCfg = Debug|Any CPU
		{8701C704-4F5A-476E-84DD-DE4FF1BE531A}.v4.0-Debug|Any CPU.Build.0 = Debug|Any CPU
		{8701C704-4F5A-476E-84DD-DE4FF1BE531A}.v4.0-Debug|x64.ActiveCfg = Debug|Any CPU
		{8701C704-4F5A-476E-84DD-DE4FF1BE531A}.v4.0-Debug|x64.Build.0 = Debug|Any CPU
		{8701C704-4F5A-476E-84DD-DE4FF1BE531A}.v4.0-Debug|x86.ActiveCfg = Debug|Any CPU
		{8701C704-4F5A-476E-84DD-DE4FF1BE531A}.v4.0-Debug|x86.Build.0 = Debug|Any CPU
		{8701C704-4F5A-476E-84DD-DE4FF1BE531A}.v4.0-Release|Any CPU.ActiveCfg = Release|Any CPU
		{8701C704-4F5A-476E-84DD-DE4FF1BE531A}.v4.0-Release|Any CPU.Build.0 = Release|Any CPU
		{8701C704-4F5A-476E-84DD-DE4FF1BE531A}.v4.0-Release|x64.ActiveCfg = Release|Any CPU
		{8701C704-4F5A-476E-84DD-DE4FF1BE531A}.v4.0-Release|x64.Build.0 = Release|Any CPU
		{8701C704-4F5A-476E-84DD-DE4FF1BE531A}.v4.0-Release|x86.ActiveCfg = Release|Any CPU
		{8701C704-4F5A-476E-84DD-DE4FF1BE531A}.v4.0-Release|x86.Build.0 = Release|Any CPU
		{31558AD3-ACE0-4394-B0A7-151CD1D41F99}.Debug|Any CPU.ActiveCfg = Debug|Any CPU
		{31558AD3-ACE0-4394-B0A7-151CD1D41F99}.Debug|Any CPU.Build.0 = Debug|Any CPU
		{31558AD3-ACE0-4394-B0A7-151CD1D41F99}.Debug|x64.ActiveCfg = Debug|Any CPU
		{31558AD3-ACE0-4394-B0A7-151CD1D41F99}.Debug|x64.Build.0 = Debug|Any CPU
		{31558AD3-ACE0-4394-B0A7-151CD1D41F99}.Debug|x86.ActiveCfg = Debug|Any CPU
		{31558AD3-ACE0-4394-B0A7-151CD1D41F99}.Debug|x86.Build.0 = Debug|Any CPU
		{31558AD3-ACE0-4394-B0A7-151CD1D41F99}.Release|Any CPU.ActiveCfg = Release|Any CPU
		{31558AD3-ACE0-4394-B0A7-151CD1D41F99}.Release|Any CPU.Build.0 = Release|Any CPU
		{31558AD3-ACE0-4394-B0A7-151CD1D41F99}.Release|x64.ActiveCfg = Release|Any CPU
		{31558AD3-ACE0-4394-B0A7-151CD1D41F99}.Release|x64.Build.0 = Release|Any CPU
		{31558AD3-ACE0-4394-B0A7-151CD1D41F99}.Release|x86.ActiveCfg = Release|Any CPU
		{31558AD3-ACE0-4394-B0A7-151CD1D41F99}.Release|x86.Build.0 = Release|Any CPU
		{31558AD3-ACE0-4394-B0A7-151CD1D41F99}.v4.0-Debug|Any CPU.ActiveCfg = Debug|Any CPU
		{31558AD3-ACE0-4394-B0A7-151CD1D41F99}.v4.0-Debug|Any CPU.Build.0 = Debug|Any CPU
		{31558AD3-ACE0-4394-B0A7-151CD1D41F99}.v4.0-Debug|x64.ActiveCfg = Debug|Any CPU
		{31558AD3-ACE0-4394-B0A7-151CD1D41F99}.v4.0-Debug|x64.Build.0 = Debug|Any CPU
		{31558AD3-ACE0-4394-B0A7-151CD1D41F99}.v4.0-Debug|x86.ActiveCfg = Debug|Any CPU
		{31558AD3-ACE0-4394-B0A7-151CD1D41F99}.v4.0-Debug|x86.Build.0 = Debug|Any CPU
		{31558AD3-ACE0-4394-B0A7-151CD1D41F99}.v4.0-Release|Any CPU.ActiveCfg = Release|Any CPU
		{31558AD3-ACE0-4394-B0A7-151CD1D41F99}.v4.0-Release|Any CPU.Build.0 = Release|Any CPU
		{31558AD3-ACE0-4394-B0A7-151CD1D41F99}.v4.0-Release|x64.ActiveCfg = Release|Any CPU
		{31558AD3-ACE0-4394-B0A7-151CD1D41F99}.v4.0-Release|x64.Build.0 = Release|Any CPU
		{31558AD3-ACE0-4394-B0A7-151CD1D41F99}.v4.0-Release|x86.ActiveCfg = Release|Any CPU
		{31558AD3-ACE0-4394-B0A7-151CD1D41F99}.v4.0-Release|x86.Build.0 = Release|Any CPU
		{2B255B41-9853-4B32-A623-4A9E1DB2B816}.Debug|Any CPU.ActiveCfg = Debug|Any CPU
		{2B255B41-9853-4B32-A623-4A9E1DB2B816}.Debug|Any CPU.Build.0 = Debug|Any CPU
		{2B255B41-9853-4B32-A623-4A9E1DB2B816}.Debug|x64.ActiveCfg = Debug|Any CPU
		{2B255B41-9853-4B32-A623-4A9E1DB2B816}.Debug|x64.Build.0 = Debug|Any CPU
		{2B255B41-9853-4B32-A623-4A9E1DB2B816}.Debug|x86.ActiveCfg = Debug|Any CPU
		{2B255B41-9853-4B32-A623-4A9E1DB2B816}.Debug|x86.Build.0 = Debug|Any CPU
		{2B255B41-9853-4B32-A623-4A9E1DB2B816}.Release|Any CPU.ActiveCfg = Release|Any CPU
		{2B255B41-9853-4B32-A623-4A9E1DB2B816}.Release|Any CPU.Build.0 = Release|Any CPU
		{2B255B41-9853-4B32-A623-4A9E1DB2B816}.Release|x64.ActiveCfg = Release|Any CPU
		{2B255B41-9853-4B32-A623-4A9E1DB2B816}.Release|x64.Build.0 = Release|Any CPU
		{2B255B41-9853-4B32-A623-4A9E1DB2B816}.Release|x86.ActiveCfg = Release|Any CPU
		{2B255B41-9853-4B32-A623-4A9E1DB2B816}.Release|x86.Build.0 = Release|Any CPU
		{2B255B41-9853-4B32-A623-4A9E1DB2B816}.v4.0-Debug|Any CPU.ActiveCfg = Debug|Any CPU
		{2B255B41-9853-4B32-A623-4A9E1DB2B816}.v4.0-Debug|Any CPU.Build.0 = Debug|Any CPU
		{2B255B41-9853-4B32-A623-4A9E1DB2B816}.v4.0-Debug|x64.ActiveCfg = Debug|Any CPU
		{2B255B41-9853-4B32-A623-4A9E1DB2B816}.v4.0-Debug|x64.Build.0 = Debug|Any CPU
		{2B255B41-9853-4B32-A623-4A9E1DB2B816}.v4.0-Debug|x86.ActiveCfg = Debug|Any CPU
		{2B255B41-9853-4B32-A623-4A9E1DB2B816}.v4.0-Debug|x86.Build.0 = Debug|Any CPU
		{2B255B41-9853-4B32-A623-4A9E1DB2B816}.v4.0-Release|Any CPU.ActiveCfg = Release|Any CPU
		{2B255B41-9853-4B32-A623-4A9E1DB2B816}.v4.0-Release|Any CPU.Build.0 = Release|Any CPU
		{2B255B41-9853-4B32-A623-4A9E1DB2B816}.v4.0-Release|x64.ActiveCfg = Release|Any CPU
		{2B255B41-9853-4B32-A623-4A9E1DB2B816}.v4.0-Release|x64.Build.0 = Release|Any CPU
		{2B255B41-9853-4B32-A623-4A9E1DB2B816}.v4.0-Release|x86.ActiveCfg = Release|Any CPU
		{2B255B41-9853-4B32-A623-4A9E1DB2B816}.v4.0-Release|x86.Build.0 = Release|Any CPU
		{34272B86-3441-4A42-9C16-919CBCA6C2C1}.Debug|Any CPU.ActiveCfg = Debug|Any CPU
		{34272B86-3441-4A42-9C16-919CBCA6C2C1}.Debug|Any CPU.Build.0 = Debug|Any CPU
		{34272B86-3441-4A42-9C16-919CBCA6C2C1}.Debug|x64.ActiveCfg = Debug|Any CPU
		{34272B86-3441-4A42-9C16-919CBCA6C2C1}.Debug|x64.Build.0 = Debug|Any CPU
		{34272B86-3441-4A42-9C16-919CBCA6C2C1}.Debug|x86.ActiveCfg = Debug|Any CPU
		{34272B86-3441-4A42-9C16-919CBCA6C2C1}.Debug|x86.Build.0 = Debug|Any CPU
		{34272B86-3441-4A42-9C16-919CBCA6C2C1}.Release|Any CPU.ActiveCfg = Release|Any CPU
		{34272B86-3441-4A42-9C16-919CBCA6C2C1}.Release|Any CPU.Build.0 = Release|Any CPU
		{34272B86-3441-4A42-9C16-919CBCA6C2C1}.Release|x64.ActiveCfg = Release|Any CPU
		{34272B86-3441-4A42-9C16-919CBCA6C2C1}.Release|x64.Build.0 = Release|Any CPU
		{34272B86-3441-4A42-9C16-919CBCA6C2C1}.Release|x86.ActiveCfg = Release|Any CPU
		{34272B86-3441-4A42-9C16-919CBCA6C2C1}.Release|x86.Build.0 = Release|Any CPU
		{34272B86-3441-4A42-9C16-919CBCA6C2C1}.v4.0-Debug|Any CPU.ActiveCfg = Debug|Any CPU
		{34272B86-3441-4A42-9C16-919CBCA6C2C1}.v4.0-Debug|Any CPU.Build.0 = Debug|Any CPU
		{34272B86-3441-4A42-9C16-919CBCA6C2C1}.v4.0-Debug|x64.ActiveCfg = Debug|Any CPU
		{34272B86-3441-4A42-9C16-919CBCA6C2C1}.v4.0-Debug|x64.Build.0 = Debug|Any CPU
		{34272B86-3441-4A42-9C16-919CBCA6C2C1}.v4.0-Debug|x86.ActiveCfg = Debug|Any CPU
		{34272B86-3441-4A42-9C16-919CBCA6C2C1}.v4.0-Debug|x86.Build.0 = Debug|Any CPU
		{34272B86-3441-4A42-9C16-919CBCA6C2C1}.v4.0-Release|Any CPU.ActiveCfg = Release|Any CPU
		{34272B86-3441-4A42-9C16-919CBCA6C2C1}.v4.0-Release|Any CPU.Build.0 = Release|Any CPU
		{34272B86-3441-4A42-9C16-919CBCA6C2C1}.v4.0-Release|x64.ActiveCfg = Release|Any CPU
		{34272B86-3441-4A42-9C16-919CBCA6C2C1}.v4.0-Release|x64.Build.0 = Release|Any CPU
		{34272B86-3441-4A42-9C16-919CBCA6C2C1}.v4.0-Release|x86.ActiveCfg = Release|Any CPU
		{34272B86-3441-4A42-9C16-919CBCA6C2C1}.v4.0-Release|x86.Build.0 = Release|Any CPU
		{C6E63E73-1903-4243-9611-DA0105213181}.Debug|Any CPU.ActiveCfg = Debug|Any CPU
		{C6E63E73-1903-4243-9611-DA0105213181}.Debug|Any CPU.Build.0 = Debug|Any CPU
		{C6E63E73-1903-4243-9611-DA0105213181}.Debug|x64.ActiveCfg = Debug|Any CPU
		{C6E63E73-1903-4243-9611-DA0105213181}.Debug|x64.Build.0 = Debug|Any CPU
		{C6E63E73-1903-4243-9611-DA0105213181}.Debug|x86.ActiveCfg = Debug|Any CPU
		{C6E63E73-1903-4243-9611-DA0105213181}.Debug|x86.Build.0 = Debug|Any CPU
		{C6E63E73-1903-4243-9611-DA0105213181}.Release|Any CPU.ActiveCfg = Release|Any CPU
		{C6E63E73-1903-4243-9611-DA0105213181}.Release|Any CPU.Build.0 = Release|Any CPU
		{C6E63E73-1903-4243-9611-DA0105213181}.Release|x64.ActiveCfg = Release|Any CPU
		{C6E63E73-1903-4243-9611-DA0105213181}.Release|x64.Build.0 = Release|Any CPU
		{C6E63E73-1903-4243-9611-DA0105213181}.Release|x86.ActiveCfg = Release|Any CPU
		{C6E63E73-1903-4243-9611-DA0105213181}.Release|x86.Build.0 = Release|Any CPU
		{C6E63E73-1903-4243-9611-DA0105213181}.v4.0-Debug|Any CPU.ActiveCfg = Debug|Any CPU
		{C6E63E73-1903-4243-9611-DA0105213181}.v4.0-Debug|Any CPU.Build.0 = Debug|Any CPU
		{C6E63E73-1903-4243-9611-DA0105213181}.v4.0-Debug|x64.ActiveCfg = Debug|Any CPU
		{C6E63E73-1903-4243-9611-DA0105213181}.v4.0-Debug|x64.Build.0 = Debug|Any CPU
		{C6E63E73-1903-4243-9611-DA0105213181}.v4.0-Debug|x86.ActiveCfg = Debug|Any CPU
		{C6E63E73-1903-4243-9611-DA0105213181}.v4.0-Debug|x86.Build.0 = Debug|Any CPU
		{C6E63E73-1903-4243-9611-DA0105213181}.v4.0-Release|Any CPU.ActiveCfg = Release|Any CPU
		{C6E63E73-1903-4243-9611-DA0105213181}.v4.0-Release|Any CPU.Build.0 = Release|Any CPU
		{C6E63E73-1903-4243-9611-DA0105213181}.v4.0-Release|x64.ActiveCfg = Release|Any CPU
		{C6E63E73-1903-4243-9611-DA0105213181}.v4.0-Release|x64.Build.0 = Release|Any CPU
		{C6E63E73-1903-4243-9611-DA0105213181}.v4.0-Release|x86.ActiveCfg = Release|Any CPU
		{C6E63E73-1903-4243-9611-DA0105213181}.v4.0-Release|x86.Build.0 = Release|Any CPU
		{BFF9B8B6-CA07-4106-8D6C-415240E51388}.Debug|Any CPU.ActiveCfg = Debug|Any CPU
		{BFF9B8B6-CA07-4106-8D6C-415240E51388}.Debug|Any CPU.Build.0 = Debug|Any CPU
		{BFF9B8B6-CA07-4106-8D6C-415240E51388}.Debug|x64.ActiveCfg = Debug|Any CPU
		{BFF9B8B6-CA07-4106-8D6C-415240E51388}.Debug|x64.Build.0 = Debug|Any CPU
		{BFF9B8B6-CA07-4106-8D6C-415240E51388}.Debug|x86.ActiveCfg = Debug|Any CPU
		{BFF9B8B6-CA07-4106-8D6C-415240E51388}.Debug|x86.Build.0 = Debug|Any CPU
		{BFF9B8B6-CA07-4106-8D6C-415240E51388}.Release|Any CPU.ActiveCfg = Release|Any CPU
		{BFF9B8B6-CA07-4106-8D6C-415240E51388}.Release|Any CPU.Build.0 = Release|Any CPU
		{BFF9B8B6-CA07-4106-8D6C-415240E51388}.Release|x64.ActiveCfg = Release|Any CPU
		{BFF9B8B6-CA07-4106-8D6C-415240E51388}.Release|x64.Build.0 = Release|Any CPU
		{BFF9B8B6-CA07-4106-8D6C-415240E51388}.Release|x86.ActiveCfg = Release|Any CPU
		{BFF9B8B6-CA07-4106-8D6C-415240E51388}.Release|x86.Build.0 = Release|Any CPU
		{BFF9B8B6-CA07-4106-8D6C-415240E51388}.v4.0-Debug|Any CPU.ActiveCfg = Debug|Any CPU
		{BFF9B8B6-CA07-4106-8D6C-415240E51388}.v4.0-Debug|Any CPU.Build.0 = Debug|Any CPU
		{BFF9B8B6-CA07-4106-8D6C-415240E51388}.v4.0-Debug|x64.ActiveCfg = Debug|Any CPU
		{BFF9B8B6-CA07-4106-8D6C-415240E51388}.v4.0-Debug|x64.Build.0 = Debug|Any CPU
		{BFF9B8B6-CA07-4106-8D6C-415240E51388}.v4.0-Debug|x86.ActiveCfg = Debug|Any CPU
		{BFF9B8B6-CA07-4106-8D6C-415240E51388}.v4.0-Debug|x86.Build.0 = Debug|Any CPU
		{BFF9B8B6-CA07-4106-8D6C-415240E51388}.v4.0-Release|Any CPU.ActiveCfg = Release|Any CPU
		{BFF9B8B6-CA07-4106-8D6C-415240E51388}.v4.0-Release|Any CPU.Build.0 = Release|Any CPU
		{BFF9B8B6-CA07-4106-8D6C-415240E51388}.v4.0-Release|x64.ActiveCfg = Release|Any CPU
		{BFF9B8B6-CA07-4106-8D6C-415240E51388}.v4.0-Release|x64.Build.0 = Release|Any CPU
		{BFF9B8B6-CA07-4106-8D6C-415240E51388}.v4.0-Release|x86.ActiveCfg = Release|Any CPU
		{BFF9B8B6-CA07-4106-8D6C-415240E51388}.v4.0-Release|x86.Build.0 = Release|Any CPU
		{3D45054D-348A-4D47-95AA-3A7B75218B56}.Debug|Any CPU.ActiveCfg = Debug|Any CPU
		{3D45054D-348A-4D47-95AA-3A7B75218B56}.Debug|Any CPU.Build.0 = Debug|Any CPU
		{3D45054D-348A-4D47-95AA-3A7B75218B56}.Debug|x64.ActiveCfg = Debug|Any CPU
		{3D45054D-348A-4D47-95AA-3A7B75218B56}.Debug|x64.Build.0 = Debug|Any CPU
		{3D45054D-348A-4D47-95AA-3A7B75218B56}.Debug|x86.ActiveCfg = Debug|Any CPU
		{3D45054D-348A-4D47-95AA-3A7B75218B56}.Debug|x86.Build.0 = Debug|Any CPU
		{3D45054D-348A-4D47-95AA-3A7B75218B56}.Release|Any CPU.ActiveCfg = Release|Any CPU
		{3D45054D-348A-4D47-95AA-3A7B75218B56}.Release|Any CPU.Build.0 = Release|Any CPU
		{3D45054D-348A-4D47-95AA-3A7B75218B56}.Release|x64.ActiveCfg = Release|Any CPU
		{3D45054D-348A-4D47-95AA-3A7B75218B56}.Release|x64.Build.0 = Release|Any CPU
		{3D45054D-348A-4D47-95AA-3A7B75218B56}.Release|x86.ActiveCfg = Release|Any CPU
		{3D45054D-348A-4D47-95AA-3A7B75218B56}.Release|x86.Build.0 = Release|Any CPU
		{3D45054D-348A-4D47-95AA-3A7B75218B56}.v4.0-Debug|Any CPU.ActiveCfg = Debug|Any CPU
		{3D45054D-348A-4D47-95AA-3A7B75218B56}.v4.0-Debug|Any CPU.Build.0 = Debug|Any CPU
		{3D45054D-348A-4D47-95AA-3A7B75218B56}.v4.0-Debug|x64.ActiveCfg = Debug|Any CPU
		{3D45054D-348A-4D47-95AA-3A7B75218B56}.v4.0-Debug|x64.Build.0 = Debug|Any CPU
		{3D45054D-348A-4D47-95AA-3A7B75218B56}.v4.0-Debug|x86.ActiveCfg = Debug|Any CPU
		{3D45054D-348A-4D47-95AA-3A7B75218B56}.v4.0-Debug|x86.Build.0 = Debug|Any CPU
		{3D45054D-348A-4D47-95AA-3A7B75218B56}.v4.0-Release|Any CPU.ActiveCfg = Release|Any CPU
		{3D45054D-348A-4D47-95AA-3A7B75218B56}.v4.0-Release|Any CPU.Build.0 = Release|Any CPU
		{3D45054D-348A-4D47-95AA-3A7B75218B56}.v4.0-Release|x64.ActiveCfg = Release|Any CPU
		{3D45054D-348A-4D47-95AA-3A7B75218B56}.v4.0-Release|x64.Build.0 = Release|Any CPU
		{3D45054D-348A-4D47-95AA-3A7B75218B56}.v4.0-Release|x86.ActiveCfg = Release|Any CPU
		{3D45054D-348A-4D47-95AA-3A7B75218B56}.v4.0-Release|x86.Build.0 = Release|Any CPU
		{DB345413-ACD7-4E16-8D6D-4DED7EBBBEFF}.Debug|Any CPU.ActiveCfg = Debug|Any CPU
		{DB345413-ACD7-4E16-8D6D-4DED7EBBBEFF}.Debug|Any CPU.Build.0 = Debug|Any CPU
		{DB345413-ACD7-4E16-8D6D-4DED7EBBBEFF}.Debug|x64.ActiveCfg = Debug|Any CPU
		{DB345413-ACD7-4E16-8D6D-4DED7EBBBEFF}.Debug|x64.Build.0 = Debug|Any CPU
		{DB345413-ACD7-4E16-8D6D-4DED7EBBBEFF}.Debug|x86.ActiveCfg = Debug|Any CPU
		{DB345413-ACD7-4E16-8D6D-4DED7EBBBEFF}.Debug|x86.Build.0 = Debug|Any CPU
		{DB345413-ACD7-4E16-8D6D-4DED7EBBBEFF}.Release|Any CPU.ActiveCfg = Release|Any CPU
		{DB345413-ACD7-4E16-8D6D-4DED7EBBBEFF}.Release|Any CPU.Build.0 = Release|Any CPU
		{DB345413-ACD7-4E16-8D6D-4DED7EBBBEFF}.Release|x64.ActiveCfg = Release|Any CPU
		{DB345413-ACD7-4E16-8D6D-4DED7EBBBEFF}.Release|x64.Build.0 = Release|Any CPU
		{DB345413-ACD7-4E16-8D6D-4DED7EBBBEFF}.Release|x86.ActiveCfg = Release|Any CPU
		{DB345413-ACD7-4E16-8D6D-4DED7EBBBEFF}.Release|x86.Build.0 = Release|Any CPU
		{DB345413-ACD7-4E16-8D6D-4DED7EBBBEFF}.v4.0-Debug|Any CPU.ActiveCfg = Debug|Any CPU
		{DB345413-ACD7-4E16-8D6D-4DED7EBBBEFF}.v4.0-Debug|Any CPU.Build.0 = Debug|Any CPU
		{DB345413-ACD7-4E16-8D6D-4DED7EBBBEFF}.v4.0-Debug|x64.ActiveCfg = Debug|Any CPU
		{DB345413-ACD7-4E16-8D6D-4DED7EBBBEFF}.v4.0-Debug|x64.Build.0 = Debug|Any CPU
		{DB345413-ACD7-4E16-8D6D-4DED7EBBBEFF}.v4.0-Debug|x86.ActiveCfg = Debug|Any CPU
		{DB345413-ACD7-4E16-8D6D-4DED7EBBBEFF}.v4.0-Debug|x86.Build.0 = Debug|Any CPU
		{DB345413-ACD7-4E16-8D6D-4DED7EBBBEFF}.v4.0-Release|Any CPU.ActiveCfg = Release|Any CPU
		{DB345413-ACD7-4E16-8D6D-4DED7EBBBEFF}.v4.0-Release|Any CPU.Build.0 = Release|Any CPU
		{DB345413-ACD7-4E16-8D6D-4DED7EBBBEFF}.v4.0-Release|x64.ActiveCfg = Release|Any CPU
		{DB345413-ACD7-4E16-8D6D-4DED7EBBBEFF}.v4.0-Release|x64.Build.0 = Release|Any CPU
		{DB345413-ACD7-4E16-8D6D-4DED7EBBBEFF}.v4.0-Release|x86.ActiveCfg = Release|Any CPU
		{DB345413-ACD7-4E16-8D6D-4DED7EBBBEFF}.v4.0-Release|x86.Build.0 = Release|Any CPU
		{D69D2DFD-74FC-4485-BE4C-8CC77A83EAE8}.Debug|Any CPU.ActiveCfg = Debug|Any CPU
		{D69D2DFD-74FC-4485-BE4C-8CC77A83EAE8}.Debug|Any CPU.Build.0 = Debug|Any CPU
		{D69D2DFD-74FC-4485-BE4C-8CC77A83EAE8}.Debug|x64.ActiveCfg = Debug|Any CPU
		{D69D2DFD-74FC-4485-BE4C-8CC77A83EAE8}.Debug|x64.Build.0 = Debug|Any CPU
		{D69D2DFD-74FC-4485-BE4C-8CC77A83EAE8}.Debug|x86.ActiveCfg = Debug|Any CPU
		{D69D2DFD-74FC-4485-BE4C-8CC77A83EAE8}.Debug|x86.Build.0 = Debug|Any CPU
		{D69D2DFD-74FC-4485-BE4C-8CC77A83EAE8}.Release|Any CPU.ActiveCfg = Release|Any CPU
		{D69D2DFD-74FC-4485-BE4C-8CC77A83EAE8}.Release|Any CPU.Build.0 = Release|Any CPU
		{D69D2DFD-74FC-4485-BE4C-8CC77A83EAE8}.Release|x64.ActiveCfg = Release|Any CPU
		{D69D2DFD-74FC-4485-BE4C-8CC77A83EAE8}.Release|x64.Build.0 = Release|Any CPU
		{D69D2DFD-74FC-4485-BE4C-8CC77A83EAE8}.Release|x86.ActiveCfg = Release|Any CPU
		{D69D2DFD-74FC-4485-BE4C-8CC77A83EAE8}.Release|x86.Build.0 = Release|Any CPU
		{D69D2DFD-74FC-4485-BE4C-8CC77A83EAE8}.v4.0-Debug|Any CPU.ActiveCfg = Debug|Any CPU
		{D69D2DFD-74FC-4485-BE4C-8CC77A83EAE8}.v4.0-Debug|Any CPU.Build.0 = Debug|Any CPU
		{D69D2DFD-74FC-4485-BE4C-8CC77A83EAE8}.v4.0-Debug|x64.ActiveCfg = Debug|Any CPU
		{D69D2DFD-74FC-4485-BE4C-8CC77A83EAE8}.v4.0-Debug|x64.Build.0 = Debug|Any CPU
		{D69D2DFD-74FC-4485-BE4C-8CC77A83EAE8}.v4.0-Debug|x86.ActiveCfg = Debug|Any CPU
		{D69D2DFD-74FC-4485-BE4C-8CC77A83EAE8}.v4.0-Debug|x86.Build.0 = Debug|Any CPU
		{D69D2DFD-74FC-4485-BE4C-8CC77A83EAE8}.v4.0-Release|Any CPU.ActiveCfg = Release|Any CPU
		{D69D2DFD-74FC-4485-BE4C-8CC77A83EAE8}.v4.0-Release|Any CPU.Build.0 = Release|Any CPU
		{D69D2DFD-74FC-4485-BE4C-8CC77A83EAE8}.v4.0-Release|x64.ActiveCfg = Release|Any CPU
		{D69D2DFD-74FC-4485-BE4C-8CC77A83EAE8}.v4.0-Release|x64.Build.0 = Release|Any CPU
		{D69D2DFD-74FC-4485-BE4C-8CC77A83EAE8}.v4.0-Release|x86.ActiveCfg = Release|Any CPU
		{D69D2DFD-74FC-4485-BE4C-8CC77A83EAE8}.v4.0-Release|x86.Build.0 = Release|Any CPU
	EndGlobalSection
	GlobalSection(SolutionProperties) = preSolution
		HideSolutionNode = FALSE
	EndGlobalSection
	GlobalSection(NestedProjects) = preSolution
		{39764695-EB9E-450E-A887-5464B8D7F925} = {2313F9DE-B2E9-40E5-80C0-4FFD87E34F94}
		{8701C704-4F5A-476E-84DD-DE4FF1BE531A} = {084B64C8-DF9C-4A4E-A62F-D7C6C0ED5E3F}
		{31558AD3-ACE0-4394-B0A7-151CD1D41F99} = {084B64C8-DF9C-4A4E-A62F-D7C6C0ED5E3F}
		{2B255B41-9853-4B32-A623-4A9E1DB2B816} = {084B64C8-DF9C-4A4E-A62F-D7C6C0ED5E3F}
		{34272B86-3441-4A42-9C16-919CBCA6C2C1} = {2C4147C3-8FB0-4A6F-918D-668EF603AD6F}
		{C6E63E73-1903-4243-9611-DA0105213181} = {084B64C8-DF9C-4A4E-A62F-D7C6C0ED5E3F}
		{BFF9B8B6-CA07-4106-8D6C-415240E51388} = {6DE64C47-909B-4DF2-9BEB-DEC0B1D60A29}
		{3D45054D-348A-4D47-95AA-3A7B75218B56} = {6DE64C47-909B-4DF2-9BEB-DEC0B1D60A29}
		{DB345413-ACD7-4E16-8D6D-4DED7EBBBEFF} = {084B64C8-DF9C-4A4E-A62F-D7C6C0ED5E3F}
		{D69D2DFD-74FC-4485-BE4C-8CC77A83EAE8} = {084B64C8-DF9C-4A4E-A62F-D7C6C0ED5E3F}
	EndGlobalSection
	GlobalSection(ExtensibilityGlobals) = postSolution
		VisualSVNWorkingCopyRoot = .
	EndGlobalSection
EndGlobal
